
Microsoft Visual Studio Solution File, Format Version 12.00
# Visual Studio 15
VisualStudioVersion = 15.0.28307.168
MinimumVisualStudioVersion = 10.0.40219.1
Project("{FAE04EC0-301F-11D3-BF4B-00C04F79EFBC}") = "GenesysInt", "GenesysInt\GenesysInt.csproj", "{04A25F8D-CB81-4916-A272-284DFD6550B6}"
EndProject
Global
	GlobalSection(SolutionConfigurationPlatforms) = preSolution
		Debug|Any CPU = Debug|Any CPU
		Release|Any CPU = Release|Any CPU
	EndGlobalSection
	GlobalSection(ProjectConfigurationPlatforms) = postSolution
		{04A25F8D-CB81-4916-A272-284DFD6550B6}.Debug|Any CPU.ActiveCfg = Debug|Any CPU
		{04A25F8D-CB81-4916-A272-284DFD6550B6}.Debug|Any CPU.Build.0 = Debug|Any CPU
		{04A25F8D-CB81-4916-A272-284DFD6550B6}.Release|Any CPU.ActiveCfg = Release|Any CPU
		{04A25F8D-CB81-4916-A272-284DFD6550B6}.Release|Any CPU.Build.0 = Release|Any CPU
	EndGlobalSection
	GlobalSection(SolutionProperties) = preSolution
		HideSolutionNode = FALSE
	EndGlobalSection
	GlobalSection(ExtensibilityGlobals) = postSolution
		SolutionGuid = {28032892-812A-4C84-AAB0-E5D8B3B016D7}
	EndGlobalSection
EndGlobal
